# This file is automatically @generated by Poetry 1.5.0 and should not be changed by hand.

[[package]]
name = "rust-demangler"
version = "1.0"
description = "A package for demangling Rust symbols"
optional = false
python-versions = "*"
files = [
    {file = "rust_demangler-1.0-py3-none-any.whl", hash = "sha256:2a2cdf400d1703dc73ae3aabb930dacb92772160b1dcb4ee2181a81878726948"},
    {file = "rust_demangler-1.0.tar.gz", hash = "sha256:a3e88032e691322d14cec137f7d9afbe44ac65a84217c599bd2cfe480ec8bd0f"},
]

[metadata]
lock-version = "2.0"
python-versions = "^3.11"
content-hash = "11546729c53811ff302144f866090dae3accf3c3686457b387773b8f1bf950de"
